Microsoft Visual Studio Solution File, Format Version 12.00
# Visual Studio 15
VisualStudioVersion = 15.0.27004.2005
MinimumVisualStudioVersion = 15.0.26124.0
Project("{2150E333-8FDC-42A3-9474-1A3956D46DE8}") = "src", "src", "{FD4B7412-F1BB-41BE-85EB-7253DF782A5F}"
EndProject
Project("{9A19103F-16F7-4668-BE54-9A1E7A4F7556}") = "FluentValidator.Br", "src\FluentValidator.Br\FluentValidator.Br.csproj", "{70A09770-EC86-4A1F-93AC-0ED59BC42814}"
EndProject
Project("{2150E333-8FDC-42A3-9474-1A3956D46DE8}") = "tests", "tests", "{8FCC7AFF-9E86-4CDE-9A0F-1C7E51BFE7A9}"
EndProject
Project("{9A19103F-16F7-4668-BE54-9A1E7A4F7556}") = "FluentValidator.Br.Tests", "tests\FluentValidator.Br.Tests\FluentValidator.Br.Tests.csproj", "{DD6C9BFA-2B72-4205-AC89-E453A7F518E2}"
EndProject
Global
	GlobalSection(SolutionConfigurationPlatforms) = preSolution
		Debug|Any CPU = Debug|Any CPU
		Debug|x64 = Debug|x64
		Debug|x86 = Debug|x86
		Release|Any CPU = Release|Any CPU
		Release|x64 = Release|x64
		Release|x86 = Release|x86
	EndGlobalSection
	GlobalSection(ProjectConfigurationPlatforms) = postSolution
		{70A09770-EC86-4A1F-93AC-0ED59BC42814}.Debug|Any CPU.ActiveCfg = Debug|Any CPU
		{70A09770-EC86-4A1F-93AC-0ED59BC42814}.Debug|Any CPU.Build.0 = Debug|Any CPU
		{70A09770-EC86-4A1F-93AC-0ED59BC42814}.Debug|x64.ActiveCfg = Debug|Any CPU
		{70A09770-EC86-4A1F-93AC-0ED59BC42814}.Debug|x64.Build.0 = Debug|Any CPU
		{70A09770-EC86-4A1F-93AC-0ED59BC42814}.Debug|x86.ActiveCfg = Debug|Any CPU
		{70A09770-EC86-4A1F-93AC-0ED59BC42814}.Debug|x86.Build.0 = Debug|Any CPU
		{70A09770-EC86-4A1F-93AC-0ED59BC42814}.Release|Any CPU.ActiveCfg = Release|Any CPU
		{70A09770-EC86-4A1F-93AC-0ED59BC42814}.Release|Any CPU.Build.0 = Release|Any CPU
		{70A09770-EC86-4A1F-93AC-0ED59BC42814}.Release|x64.ActiveCfg = Release|Any CPU
		{70A09770-EC86-4A1F-93AC-0ED59BC42814}.Release|x64.Build.0 = Release|Any CPU
		{70A09770-EC86-4A1F-93AC-0ED59BC42814}.Release|x86.ActiveCfg = Release|Any CPU
		{70A09770-EC86-4A1F-93AC-0ED59BC42814}.Release|x86.Build.0 = Release|Any CPU
		{DD6C9BFA-2B72-4205-AC89-E453A7F518E2}.Debug|Any CPU.ActiveCfg = Debug|Any CPU
		{DD6C9BFA-2B72-4205-AC89-E453A7F518E2}.Debug|Any CPU.Build.0 = Debug|Any CPU
		{DD6C9BFA-2B72-4205-AC89-E453A7F518E2}.Debug|x64.ActiveCfg = Debug|Any CPU
		{DD6C9BFA-2B72-4205-AC89-E453A7F518E2}.Debug|x64.Build.0 = Debug|Any CPU
		{DD6C9BFA-2B72-4205-AC89-E453A7F518E2}.Debug|x86.ActiveCfg = Debug|Any CPU
		{DD6C9BFA-2B72-4205-AC89-E453A7F518E2}.Debug|x86.Build.0 = Debug|Any CPU
		{DD6C9BFA-2B72-4205-AC89-E453A7F518E2}.Release|Any CPU.ActiveCfg = Release|Any CPU
		{DD6C9BFA-2B72-4205-AC89-E453A7F518E2}.Release|Any CPU.Build.0 = Release|Any CPU
		{DD6C9BFA-2B72-4205-AC89-E453A7F518E2}.Release|x64.ActiveCfg = Release|Any CPU
		{DD6C9BFA-2B72-4205-AC89-E453A7F518E2}.Release|x64.Build.0 = Release|Any CPU
		{DD6C9BFA-2B72-4205-AC89-E453A7F518E2}.Release|x86.ActiveCfg = Release|Any CPU
		{DD6C9BFA-2B72-4205-AC89-E453A7F518E2}.Release|x86.Build.0 = Release|Any CPU
	EndGlobalSection
	GlobalSection(SolutionProperties) = preSolution
		HideSolutionNode = FALSE
	EndGlobalSection
	GlobalSection(NestedProjects) = preSolution
		{70A09770-EC86-4A1F-93AC-0ED59BC42814} = {FD4B7412-F1BB-41BE-85EB-7253DF782A5F}
		{DD6C9BFA-2B72-4205-AC89-E453A7F518E2} = {8FCC7AFF-9E86-4CDE-9A0F-1C7E51BFE7A9}
	EndGlobalSection
	GlobalSection(ExtensibilityGlobals) = postSolution
		SolutionGuid = {BD7FEDAA-E93B-48BF-889A-AA02A83A1DA9}
	EndGlobalSection
EndGlobal
